
Microsoft Visual Studio Solution File, Format Version 12.00
# Visual Studio Version 16
VisualStudioVersion = 16.0.31129.286
MinimumVisualStudioVersion = 10.0.40219.1
Project("{FAE04EC0-301F-11D3-BF4B-00C04F79EFBC}") = "MoreSwitchStatementsTC2021", "MoreSwitchStatementsTC2021.csproj", "{2AD2CE71-E2D1-46C4-A45C-C4BC7EF141A7}"
EndProject
Global
	GlobalSection(SolutionConfigurationPlatforms) = preSolution
		Debug|Any CPU = Debug|Any CPU
		Release|Any CPU = Release|Any CPU
	EndGlobalSection
	GlobalSection(ProjectConfigurationPlatforms) = postSolution
		{2AD2CE71-E2D1-46C4-A45C-C4BC7EF141A7}.Debug|Any CPU.ActiveCfg = Debug|Any CPU
		{2AD2CE71-E2D1-46C4-A45C-C4BC7EF141A7}.Debug|Any CPU.Build.0 = Debug|Any CPU
		{2AD2CE71-E2D1-46C4-A45C-C4BC7EF141A7}.Release|Any CPU.ActiveCfg = Release|Any CPU
		{2AD2CE71-E2D1-46C4-A45C-C4BC7EF141A7}.Release|Any CPU.Build.0 = Release|Any CPU
	EndGlobalSection
	GlobalSection(SolutionProperties) = preSolution
		HideSolutionNode = FALSE
	EndGlobalSection
	GlobalSection(ExtensibilityGlobals) = postSolution
		SolutionGuid = {6D984CB0-8D29-477C-903C-D80327E84A74}
	EndGlobalSection
EndGlobal
